
Microsoft Visual Studio Solution File, Format Version 12.00
# Visual Studio Version 16
VisualStudioVersion = 16.0.31624.102
MinimumVisualStudioVersion = 10.0.40219.1
Project("{9A19103F-16F7-4668-BE54-9A1E7A4F7556}") = "BulkyBook", "BulkyBook\BulkyBook.csproj", "{5205CFD6-CB03-4A90-8022-5346BF238398}"
EndProject
Project("{FAE04EC0-301F-11D3-BF4B-00C04F79EFBC}") = "BulkyBook.DataAccess", "BulkyBook.DataAccess\BulkyBook.DataAccess.csproj", "{BB51A2F6-F3A1-4F01-AD06-BDB75B198A7D}"
EndProject
Project("{FAE04EC0-301F-11D3-BF4B-00C04F79EFBC}") = "BulkyBook.Models", "BulkyBook.Models\BulkyBook.Models.csproj", "{1FDFED3C-27F8-43F4-9039-024D85382A52}"
EndProject
Project("{FAE04EC0-301F-11D3-BF4B-00C04F79EFBC}") = "BulkyBook.Utility", "BulkyBook.Utility\BulkyBook.Utility.csproj", "{BB2CDF08-5818-4164-97D6-972B2427940A}"
EndProject
Global
	GlobalSection(SolutionConfigurationPlatforms) = preSolution
		Debug|Any CPU = Debug|Any CPU
		Release|Any CPU = Release|Any CPU
	EndGlobalSection
	GlobalSection(ProjectConfigurationPlatforms) = postSolution
		{5205CFD6-CB03-4A90-8022-5346BF238398}.Debug|Any CPU.ActiveCfg = Debug|Any CPU
		{5205CFD6-CB03-4A90-8022-5346BF238398}.Debug|Any CPU.Build.0 = Debug|Any CPU
		{5205CFD6-CB03-4A90-8022-5346BF238398}.Release|Any CPU.ActiveCfg = Release|Any CPU
		{5205CFD6-CB03-4A90-8022-5346BF238398}.Release|Any CPU.Build.0 = Release|Any CPU
		{BB51A2F6-F3A1-4F01-AD06-BDB75B198A7D}.Debug|Any CPU.ActiveCfg = Debug|Any CPU
		{BB51A2F6-F3A1-4F01-AD06-BDB75B198A7D}.Debug|Any CPU.Build.0 = Debug|Any CPU
		{BB51A2F6-F3A1-4F01-AD06-BDB75B198A7D}.Release|Any CPU.ActiveCfg = Release|Any CPU
		{BB51A2F6-F3A1-4F01-AD06-BDB75B198A7D}.Release|Any CPU.Build.0 = Release|Any CPU
		{1FDFED3C-27F8-43F4-9039-024D85382A52}.Debug|Any CPU.ActiveCfg = Debug|Any CPU
		{1FDFED3C-27F8-43F4-9039-024D85382A52}.Debug|Any CPU.Build.0 = Debug|Any CPU
		{1FDFED3C-27F8-43F4-9039-024D85382A52}.Release|Any CPU.ActiveCfg = Release|Any CPU
		{1FDFED3C-27F8-43F4-9039-024D85382A52}.Release|Any CPU.Build.0 = Release|Any CPU
		{BB2CDF08-5818-4164-97D6-972B2427940A}.Debug|Any CPU.ActiveCfg = Debug|Any CPU
		{BB2CDF08-5818-4164-97D6-972B2427940A}.Debug|Any CPU.Build.0 = Debug|Any CPU
		{BB2CDF08-5818-4164-97D6-972B2427940A}.Release|Any CPU.ActiveCfg = Release|Any CPU
		{BB2CDF08-5818-4164-97D6-972B2427940A}.Release|Any CPU.Build.0 = Release|Any CPU
	EndGlobalSection
	GlobalSection(SolutionProperties) = preSolution
		HideSolutionNode = FALSE
	EndGlobalSection
	GlobalSection(ExtensibilityGlobals) = postSolution
		SolutionGuid = {1EDDFAC2-738A-4EB3-B9A9-0B83A292E229}
	EndGlobalSection
EndGlobal
